{
  "version": 4,
  "terraform_version": "1.13.4",
  "serial": 58,
  "lineage": "8b097183-a9b9-f72f-d415-ac5eb8ae5525",
  "outputs": {
    "bootstrap_log_command": {
      "value": "ssh ubuntu@54.169.229.80 'sudo tail -n 200 /var/log/docvault-devops-bootstrap.log'",
      "type": "string"
    },
    "compose_ps_command": {
      "value": "ssh ubuntu@54.169.229.80 'cd /opt/docvault \u0026\u0026 docker compose -f docker-compose.devops.yml ps'",
      "type": "string"
    },
    "ec2_public_ip": {
      "value": "54.169.229.80",
      "type": "string"
    },
    "jenkins_initial_password_command": {
      "value": "ssh ubuntu@54.169.229.80 'sudo docker exec docvault-jenkins cat /var/jenkins_home/secrets/initialAdminPassword'",
      "type": "string"
    },
    "jenkins_url": {
      "value": "http://54.169.229.80:8080",
      "type": "string"
    },
    "sonarqube_url": {
      "value": "http://54.169.229.80:9000",
      "type": "string"
    },
    "ssh_command": {
      "value": "ssh ubuntu@54.169.229.80",
      "type": "string"
    }
  },
  "resources": [
    {
      "mode": "data",
      "type": "aws_ami",
      "name": "ubuntu",
      "provider": "provider[\"registry.terraform.io/hashicorp/aws\"]",
      "instances": [
        {
          "schema_version": 0,
          "attributes": {
            "architecture": "x86_64",
            "arn": "arn:aws:ec2:ap-southeast-1::image/ami-04592e28abc2b9fc9",
            "block_device_mappings": [
              {
                "device_name": "/dev/sda1",
                "ebs": {
                  "delete_on_termination": "true",
                  "encrypted": "false",
                  "iops": "0",
                  "snapshot_id": "snap-0b8eb24aef93d63e5",
                  "throughput": "0",
                  "volume_initialization_rate": "0",
                  "volume_size": "8",
                  "volume_type": "gp3"
                },
                "no_device": "",
                "virtual_name": ""
              },
              {
                "device_name": "/dev/sdb",
                "ebs": {},
                "no_device": "",
                "virtual_name": "ephemeral0"
              },
              {
                "device_name": "/dev/sdc",
                "ebs": {},
                "no_device": "",
                "virtual_name": "ephemeral1"
              }
            ],
            "boot_mode": "uefi-preferred",
            "creation_date": "2026-05-15T10:56:50.000Z",
            "deprecation_time": "2028-05-15T10:56:50.000Z",
            "description": "Canonical, Ubuntu, 24.04, amd64 noble image",
            "ena_support": true,
            "executable_users": null,
            "filter": [
              {
                "name": "architecture",
                "values": [
                  "x86_64"
                ]
              },
              {
                "name": "name",
                "values": [
                  "ubuntu/images/hvm-ssd*/ubuntu-noble-24.04-amd64-server-*"
                ]
              },
              {
                "name": "root-device-type",
                "values": [
                  "ebs"
                ]
              },
              {
                "name": "virtualization-type",
                "values": [
                  "hvm"
                ]
              }
            ],
            "hypervisor": "xen",
            "id": "ami-04592e28abc2b9fc9",
            "image_id": "ami-04592e28abc2b9fc9",
            "image_location": "amazon/ubuntu/images/hvm-ssd-gp3/ubuntu-noble-24.04-amd64-server-20260515",
            "image_owner_alias": "amazon",
            "image_type": "machine",
            "imds_support": "v2.0",
            "include_deprecated": false,
            "kernel_id": "",
            "last_launched_time": "",
            "most_recent": true,
            "name": "ubuntu/images/hvm-ssd-gp3/ubuntu-noble-24.04-amd64-server-20260515",
            "name_regex": null,
            "owner_id": "099720109477",
            "owners": [
              "099720109477"
            ],
            "platform": "",
            "platform_details": "Linux/UNIX",
            "product_codes": [],
            "public": true,
            "ramdisk_id": "",
            "root_device_name": "/dev/sda1",
            "root_device_type": "ebs",
            "root_snapshot_id": "snap-0b8eb24aef93d63e5",
            "sriov_net_support": "simple",
            "state": "available",
            "state_reason": {
              "code": "UNSET",
              "message": "UNSET"
            },
            "tags": {},
            "timeouts": null,
            "tpm_support": "",
            "uefi_data": null,
            "usage_operation": "RunInstances",
            "virtualization_type": "hvm"
          },
          "sensitive_attributes": [],
          "identity_schema_version": 0
        }
      ]
    },
    {
      "mode": "data",
      "type": "aws_availability_zones",
      "name": "available",
      "provider": "provider[\"registry.terraform.io/hashicorp/aws\"]",
      "instances": [
        {
          "schema_version": 0,
          "attributes": {
            "all_availability_zones": null,
            "exclude_names": null,
            "exclude_zone_ids": null,
            "filter": null,
            "group_names": [
              "ap-southeast-1-zg-1"
            ],
            "id": "ap-southeast-1",
            "names": [
              "ap-southeast-1a",
              "ap-southeast-1b",
              "ap-southeast-1c"
            ],
            "state": "available",
            "timeouts": null,
            "zone_ids": [
              "apse1-az2",
              "apse1-az1",
              "apse1-az3"
            ]
          },
          "sensitive_attributes": [],
          "identity_schema_version": 0
        }
      ]
    },
    {
      "mode": "managed",
      "type": "aws_instance",
      "name": "devops",
      "provider": "provider[\"registry.terraform.io/hashicorp/aws\"]",
      "instances": [
        {
          "schema_version": 1,
          "attributes": {
            "ami": "ami-04592e28abc2b9fc9",
            "arn": "arn:aws:ec2:ap-southeast-1:900069968619:instance/i-039f81cabaa0f9a32",
            "associate_public_ip_address": true,
            "availability_zone": "ap-southeast-1a",
            "capacity_reservation_specification": [
              {
                "capacity_reservation_preference": "open",
                "capacity_reservation_target": []
              }
            ],
            "cpu_core_count": 1,
            "cpu_options": [
              {
                "amd_sev_snp": "",
                "core_count": 1,
                "threads_per_core": 2
              }
            ],
            "cpu_threads_per_core": 2,
            "credit_specification": [
              {
                "cpu_credits": "unlimited"
              }
            ],
            "disable_api_stop": false,
            "disable_api_termination": false,
            "ebs_block_device": [],
            "ebs_optimized": false,
            "enable_primary_ipv6": null,
            "enclave_options": [
              {
                "enabled": false
              }
            ],
            "ephemeral_block_device": [],
            "get_password_data": false,
            "hibernation": false,
            "host_id": "",
            "host_resource_group_arn": null,
            "iam_instance_profile": "",
            "id": "i-039f81cabaa0f9a32",
            "instance_initiated_shutdown_behavior": "stop",
            "instance_lifecycle": "",
            "instance_market_options": [],
            "instance_state": "running",
            "instance_type": "t3.large",
            "ipv6_address_count": 0,
            "ipv6_addresses": [],
            "key_name": "docvault-devops-testing",
            "launch_template": [],
            "maintenance_options": [
              {
                "auto_recovery": "default"
              }
            ],
            "metadata_options": [
              {
                "http_endpoint": "enabled",
                "http_protocol_ipv6": "disabled",
                "http_put_response_hop_limit": 2,
                "http_tokens": "required",
                "instance_metadata_tags": "disabled"
              }
            ],
            "monitoring": false,
            "network_interface": [],
            "outpost_arn": "",
            "password_data": "",
            "placement_group": "",
            "placement_partition_number": 0,
            "primary_network_interface_id": "eni-02eaf0f28b20e8ddc",
            "private_dns": "ip-10-30-1-77.ap-southeast-1.compute.internal",
            "private_dns_name_options": [
              {
                "enable_resource_name_dns_a_record": false,
                "enable_resource_name_dns_aaaa_record": false,
                "hostname_type": "ip-name"
              }
            ],
            "private_ip": "10.30.1.77",
            "public_dns": "ec2-54-169-229-80.ap-southeast-1.compute.amazonaws.com",
            "public_ip": "54.169.229.80",
            "root_block_device": [
              {
                "delete_on_termination": true,
                "device_name": "/dev/sda1",
                "encrypted": true,
                "iops": 3000,
                "kms_key_id": "arn:aws:kms:ap-southeast-1:900069968619:key/d5be64e1-8bd1-4f61-b1db-4ba800c158c2",
                "tags": null,
                "tags_all": {},
                "throughput": 125,
                "volume_id": "vol-053b42ab7c48952da",
                "volume_size": 80,
                "volume_type": "gp3"
              }
            ],
            "secondary_private_ips": [],
            "security_groups": [],
            "source_dest_check": true,
            "spot_instance_request_id": "",
            "subnet_id": "subnet-0f9e2719b888189f8",
            "tags": {
              "Component": "DevOpsServer",
              "Environment": "testing",
              "ManagedBy": "Terraform",
              "Name": "docvault-devops-testing",
              "Project": "DocVault"
            },
            "tags_all": {
              "Component": "DevOpsServer",
              "Environment": "testing",
              "ManagedBy": "Terraform",
              "Name": "docvault-devops-testing",
              "Project": "DocVault"
            },
            "tenancy": "default",
            "timeouts": null,
            "user_data": "58ba5fab63e83e953ba14535cce8200a0416440b",
            "user_data_base64": null,
            "user_data_replace_on_change": false,
            "volume_tags": {
              "Component": "DevOpsServer",
              "Environment": "testing",
              "ManagedBy": "Terraform",
              "Name": "docvault-devops-testing-root",
              "Project": "DocVault"
            },
            "vpc_security_group_ids": [
              "sg-025ae624f9576fe64"
            ]
          },
          "sensitive_attributes": [],
          "identity_schema_version": 0,
          "private": "eyJlMmJmYjczMC1lY2FhLTExZTYtOGY4OC0zNDM2M2JjN2M0YzAiOnsiY3JlYXRlIjo2MDAwMDAwMDAwMDAsImRlbGV0ZSI6MTIwMDAwMDAwMDAwMCwicmVhZCI6OTAwMDAwMDAwMDAwLCJ1cGRhdGUiOjYwMDAwMDAwMDAwMH0sInNjaGVtYV92ZXJzaW9uIjoiMSJ9",
          "dependencies": [
            "aws_key_pair.admin",
            "aws_security_group.devops",
            "aws_subnet.public",
            "aws_vpc.this",
            "data.aws_ami.ubuntu",
            "data.aws_availability_zones.available"
          ]
        }
      ]
    },
    {
      "mode": "managed",
      "type": "aws_internet_gateway",
      "name": "this",
      "provider": "provider[\"registry.terraform.io/hashicorp/aws\"]",
      "instances": [
        {
          "schema_version": 0,
          "attributes": {
            "arn": "arn:aws:ec2:ap-southeast-1:900069968619:internet-gateway/igw-0bc31e8340e415210",
            "id": "igw-0bc31e8340e415210",
            "owner_id": "900069968619",
            "tags": {
              "Component": "DevOpsServer",
              "Environment": "testing",
              "ManagedBy": "Terraform",
              "Name": "docvault-devops-testing-igw",
              "Project": "DocVault"
            },
            "tags_all": {
              "Component": "DevOpsServer",
              "Environment": "testing",
              "ManagedBy": "Terraform",
              "Name": "docvault-devops-testing-igw",
              "Project": "DocVault"
            },
            "timeouts": null,
            "vpc_id": "vpc-080fcc7449f380c45"
          },
          "sensitive_attributes": [],
          "identity_schema_version": 0,
          "private": "eyJlMmJmYjczMC1lY2FhLTExZTYtOGY4OC0zNDM2M2JjN2M0YzAiOnsiY3JlYXRlIjoxMjAwMDAwMDAwMDAwLCJkZWxldGUiOjEyMDAwMDAwMDAwMDAsInVwZGF0ZSI6MTIwMDAwMDAwMDAwMH19",
          "dependencies": [
            "aws_vpc.this"
          ]
        }
      ]
    },
    {
      "mode": "managed",
      "type": "aws_key_pair",
      "name": "admin",
      "provider": "provider[\"registry.terraform.io/hashicorp/aws\"]",
      "instances": [
        {
          "index_key": 0,
          "schema_version": 1,
          "attributes": {
            "arn": "arn:aws:ec2:ap-southeast-1:900069968619:key-pair/docvault-devops-testing",
            "fingerprint": "25:51:58:01:e4:51:e3:7b:19:1f:2a:8c:bb:48:b0:95",
            "id": "docvault-devops-testing",
            "key_name": "docvault-devops-testing",
            "key_name_prefix": "",
            "key_pair_id": "key-0efb4e463109a7ae5",
            "key_type": "rsa",
            "public_key": "ssh-rsa AAAAB3NzaC1yc2EAAAADAQABAAABAQDQm8VT6Wt1LZf/0oHU2IkjcqO7kvwPWTqRvr3cNNTUH1xD+xjHHHlm0yPuaKZtt7oNzK6Kl9+6b8+gqEmSLObnLHEE3IR4E6PiFklqFj47FcRs4aXvLK4J05pUJjV1Uv6uijuF5XLiLGNNablI7hZ/uohdbTFkQ4sWnWkRr7iSJX8yGlQrRCquO3vOVkQsmc8qb74EW5Hu43Plq8c1YN7eI1PGg+6uCO00NcfL/0fdZI6Z1fZRrvl8eysLQHyf5nbVh7lZbKW1/ax2TTqKYiNrpGskFYr1LzYszx8+ckJejB40BT+iiPw0EgCO4WawK/XrF/rscCajByZTf6f+jZJR thang@LAPTOP-4DGRPIBV",
            "tags": {
              "Component": "DevOpsServer",
              "Environment": "testing",
              "ManagedBy": "Terraform",
              "Name": "docvault-devops-testing-key",
              "Project": "DocVault"
            },
            "tags_all": {
              "Component": "DevOpsServer",
              "Environment": "testing",
              "ManagedBy": "Terraform",
              "Name": "docvault-devops-testing-key",
              "Project": "DocVault"
            }
          },
          "sensitive_attributes": [],
          "identity_schema_version": 0,
          "private": "eyJzY2hlbWFfdmVyc2lvbiI6IjEifQ=="
        }
      ]
    },
    {
      "mode": "managed",
      "type": "aws_route",
      "name": "public_internet",
      "provider": "provider[\"registry.terraform.io/hashicorp/aws\"]",
      "instances": [
        {
          "schema_version": 0,
          "attributes": {
            "carrier_gateway_id": "",
            "core_network_arn": "",
            "destination_cidr_block": "0.0.0.0/0",
            "destination_ipv6_cidr_block": "",
            "destination_prefix_list_id": "",
            "egress_only_gateway_id": "",
            "gateway_id": "igw-0bc31e8340e415210",
            "id": "r-rtb-062e09ba80da47d251080289494",
            "instance_id": "",
            "instance_owner_id": "",
            "local_gateway_id": "",
            "nat_gateway_id": "",
            "network_interface_id": "",
            "origin": "CreateRoute",
            "route_table_id": "rtb-062e09ba80da47d25",
            "state": "active",
            "timeouts": null,
            "transit_gateway_id": "",
            "vpc_endpoint_id": "",
            "vpc_peering_connection_id": ""
          },
          "sensitive_attributes": [],
          "identity_schema_version": 0,
          "private": "eyJlMmJmYjczMC1lY2FhLTExZTYtOGY4OC0zNDM2M2JjN2M0YzAiOnsiY3JlYXRlIjozMDAwMDAwMDAwMDAsImRlbGV0ZSI6MzAwMDAwMDAwMDAwLCJ1cGRhdGUiOjEyMDAwMDAwMDAwMH19",
          "dependencies": [
            "aws_internet_gateway.this",
            "aws_route_table.public",
            "aws_vpc.this"
          ]
        }
      ]
    },
    {
      "mode": "managed",
      "type": "aws_route_table",
      "name": "public",
      "provider": "provider[\"registry.terraform.io/hashicorp/aws\"]",
      "instances": [
        {
          "schema_version": 0,
          "attributes": {
            "arn": "arn:aws:ec2:ap-southeast-1:900069968619:route-table/rtb-062e09ba80da47d25",
            "id": "rtb-062e09ba80da47d25",
            "owner_id": "900069968619",
            "propagating_vgws": [],
            "route": [],
            "tags": {
              "Component": "DevOpsServer",
              "Environment": "testing",
              "ManagedBy": "Terraform",
              "Name": "docvault-devops-testing-public-rt",
              "Project": "DocVault"
            },
            "tags_all": {
              "Component": "DevOpsServer",
              "Environment": "testing",
              "ManagedBy": "Terraform",
              "Name": "docvault-devops-testing-public-rt",
              "Project": "DocVault"
            },
            "timeouts": null,
            "vpc_id": "vpc-080fcc7449f380c45"
          },
          "sensitive_attributes": [],
          "identity_schema_version": 0,
          "private": "eyJlMmJmYjczMC1lY2FhLTExZTYtOGY4OC0zNDM2M2JjN2M0YzAiOnsiY3JlYXRlIjozMDAwMDAwMDAwMDAsImRlbGV0ZSI6MzAwMDAwMDAwMDAwLCJ1cGRhdGUiOjEyMDAwMDAwMDAwMH19",
          "dependencies": [
            "aws_vpc.this"
          ]
        }
      ]
    },
    {
      "mode": "managed",
      "type": "aws_route_table_association",
      "name": "public",
      "provider": "provider[\"registry.terraform.io/hashicorp/aws\"]",
      "instances": [
        {
          "schema_version": 0,
          "attributes": {
            "gateway_id": "",
            "id": "rtbassoc-015b0c1d75eafc827",
            "route_table_id": "rtb-062e09ba80da47d25",
            "subnet_id": "subnet-0f9e2719b888189f8",
            "timeouts": null
          },
          "sensitive_attributes": [],
          "identity_schema_version": 0,
          "private": "eyJlMmJmYjczMC1lY2FhLTExZTYtOGY4OC0zNDM2M2JjN2M0YzAiOnsiY3JlYXRlIjozMDAwMDAwMDAwMDAsImRlbGV0ZSI6MzAwMDAwMDAwMDAwLCJ1cGRhdGUiOjEyMDAwMDAwMDAwMH19",
          "dependencies": [
            "aws_route_table.public",
            "aws_subnet.public",
            "aws_vpc.this",
            "data.aws_availability_zones.available"
          ]
        }
      ]
    },
    {
      "mode": "managed",
      "type": "aws_security_group",
      "name": "devops",
      "provider": "provider[\"registry.terraform.io/hashicorp/aws\"]",
      "instances": [
        {
          "schema_version": 1,
          "attributes": {
            "arn": "arn:aws:ec2:ap-southeast-1:900069968619:security-group/sg-025ae624f9576fe64",
            "description": "Access to the DocVault Jenkins and SonarQube EC2 server",
            "egress": [],
            "id": "sg-025ae624f9576fe64",
            "ingress": [],
            "name": "docvault-devops-testing-sg",
            "name_prefix": "",
            "owner_id": "900069968619",
            "revoke_rules_on_delete": false,
            "tags": {
              "Component": "DevOpsServer",
              "Environment": "testing",
              "ManagedBy": "Terraform",
              "Name": "docvault-devops-testing-sg",
              "Project": "DocVault"
            },
            "tags_all": {
              "Component": "DevOpsServer",
              "Environment": "testing",
              "ManagedBy": "Terraform",
              "Name": "docvault-devops-testing-sg",
              "Project": "DocVault"
            },
            "timeouts": null,
            "vpc_id": "vpc-080fcc7449f380c45"
          },
          "sensitive_attributes": [],
          "identity_schema_version": 0,
          "private": "eyJlMmJmYjczMC1lY2FhLTExZTYtOGY4OC0zNDM2M2JjN2M0YzAiOnsiY3JlYXRlIjo2MDAwMDAwMDAwMDAsImRlbGV0ZSI6OTAwMDAwMDAwMDAwfSwic2NoZW1hX3ZlcnNpb24iOiIxIn0=",
          "dependencies": [
            "aws_vpc.this"
          ]
        }
      ]
    },
    {
      "mode": "managed",
      "type": "aws_security_group_rule",
      "name": "admin_ingress",
      "provider": "provider[\"registry.terraform.io/hashicorp/aws\"]",
      "instances": [
        {
          "index_key": "jenkins",
          "schema_version": 2,
          "attributes": {
            "cidr_blocks": [
              "0.0.0.0/0"
            ],
            "description": "Jenkins from admin CIDRs",
            "from_port": 8080,
            "id": "sgrule-1260119288",
            "ipv6_cidr_blocks": null,
            "prefix_list_ids": null,
            "protocol": "tcp",
            "security_group_id": "sg-025ae624f9576fe64",
            "security_group_rule_id": "sgr-0535b1877aa8fa764",
            "self": false,
            "source_security_group_id": null,
            "timeouts": null,
            "to_port": 8080,
            "type": "ingress"
          },
          "sensitive_attributes": [],
          "identity_schema_version": 0,
          "private": "eyJlMmJmYjczMC1lY2FhLTExZTYtOGY4OC0zNDM2M2JjN2M0YzAiOnsiY3JlYXRlIjozMDAwMDAwMDAwMDB9LCJzY2hlbWFfdmVyc2lvbiI6IjIifQ==",
          "dependencies": [
            "aws_security_group.devops",
            "aws_vpc.this"
          ]
        },
        {
          "index_key": "sonarqube",
          "schema_version": 2,
          "attributes": {
            "cidr_blocks": [
              "0.0.0.0/0"
            ],
            "description": "SonarQube from admin CIDRs",
            "from_port": 9000,
            "id": "sgrule-1070565467",
            "ipv6_cidr_blocks": null,
            "prefix_list_ids": null,
            "protocol": "tcp",
            "security_group_id": "sg-025ae624f9576fe64",
            "security_group_rule_id": "sgr-05537fcd11c40a229",
            "self": false,
            "source_security_group_id": null,
            "timeouts": null,
            "to_port": 9000,
            "type": "ingress"
          },
          "sensitive_attributes": [],
          "identity_schema_version": 0,
          "private": "eyJlMmJmYjczMC1lY2FhLTExZTYtOGY4OC0zNDM2M2JjN2M0YzAiOnsiY3JlYXRlIjozMDAwMDAwMDAwMDB9LCJzY2hlbWFfdmVyc2lvbiI6IjIifQ==",
          "dependencies": [
            "aws_security_group.devops",
            "aws_vpc.this"
          ]
        },
        {
          "index_key": "ssh",
          "schema_version": 2,
          "attributes": {
            "cidr_blocks": [
              "0.0.0.0/0"
            ],
            "description": "SSH from admin CIDRs",
            "from_port": 22,
            "id": "sgrule-1359677873",
            "ipv6_cidr_blocks": null,
            "prefix_list_ids": null,
            "protocol": "tcp",
            "security_group_id": "sg-025ae624f9576fe64",
            "security_group_rule_id": "sgr-0ab46bae5c45fe22a",
            "self": false,
            "source_security_group_id": null,
            "timeouts": null,
            "to_port": 22,
            "type": "ingress"
          },
          "sensitive_attributes": [],
          "identity_schema_version": 0,
          "private": "eyJlMmJmYjczMC1lY2FhLTExZTYtOGY4OC0zNDM2M2JjN2M0YzAiOnsiY3JlYXRlIjozMDAwMDAwMDAwMDB9LCJzY2hlbWFfdmVyc2lvbiI6IjIifQ==",
          "dependencies": [
            "aws_security_group.devops",
            "aws_vpc.this"
          ]
        }
      ]
    },
    {
      "mode": "managed",
      "type": "aws_security_group_rule",
      "name": "egress",
      "provider": "provider[\"registry.terraform.io/hashicorp/aws\"]",
      "instances": [
        {
          "schema_version": 2,
          "attributes": {
            "cidr_blocks": [
              "0.0.0.0/0"
            ],
            "description": "Allow outbound access for package downloads, GitHub, Docker Hub, and plugin downloads",
            "from_port": 0,
            "id": "sgrule-2119593161",
            "ipv6_cidr_blocks": null,
            "prefix_list_ids": null,
            "protocol": "-1",
            "security_group_id": "sg-025ae624f9576fe64",
            "security_group_rule_id": "sgr-02495c707cfa8c66d",
            "self": false,
            "source_security_group_id": null,
            "timeouts": null,
            "to_port": 0,
            "type": "egress"
          },
          "sensitive_attributes": [],
          "identity_schema_version": 0,
          "private": "eyJlMmJmYjczMC1lY2FhLTExZTYtOGY4OC0zNDM2M2JjN2M0YzAiOnsiY3JlYXRlIjozMDAwMDAwMDAwMDB9LCJzY2hlbWFfdmVyc2lvbiI6IjIifQ==",
          "dependencies": [
            "aws_security_group.devops",
            "aws_vpc.this"
          ]
        }
      ]
    },
    {
      "mode": "managed",
      "type": "aws_subnet",
      "name": "public",
      "provider": "provider[\"registry.terraform.io/hashicorp/aws\"]",
      "instances": [
        {
          "schema_version": 1,
          "attributes": {
            "arn": "arn:aws:ec2:ap-southeast-1:900069968619:subnet/subnet-0f9e2719b888189f8",
            "assign_ipv6_address_on_creation": false,
            "availability_zone": "ap-southeast-1a",
            "availability_zone_id": "apse1-az2",
            "cidr_block": "10.30.1.0/24",
            "customer_owned_ipv4_pool": "",
            "enable_dns64": false,
            "enable_lni_at_device_index": 0,
            "enable_resource_name_dns_a_record_on_launch": false,
            "enable_resource_name_dns_aaaa_record_on_launch": false,
            "id": "subnet-0f9e2719b888189f8",
            "ipv6_cidr_block": "",
            "ipv6_cidr_block_association_id": "",
            "ipv6_native": false,
            "map_customer_owned_ip_on_launch": false,
            "map_public_ip_on_launch": true,
            "outpost_arn": "",
            "owner_id": "900069968619",
            "private_dns_hostname_type_on_launch": "ip-name",
            "tags": {
              "Component": "DevOpsServer",
              "Environment": "testing",
              "ManagedBy": "Terraform",
              "Name": "docvault-devops-testing-public-a",
              "Project": "DocVault"
            },
            "tags_all": {
              "Component": "DevOpsServer",
              "Environment": "testing",
              "ManagedBy": "Terraform",
              "Name": "docvault-devops-testing-public-a",
              "Project": "DocVault"
            },
            "timeouts": null,
            "vpc_id": "vpc-080fcc7449f380c45"
          },
          "sensitive_attributes": [],
          "identity_schema_version": 0,
          "private": "eyJlMmJmYjczMC1lY2FhLTExZTYtOGY4OC0zNDM2M2JjN2M0YzAiOnsiY3JlYXRlIjo2MDAwMDAwMDAwMDAsImRlbGV0ZSI6MTIwMDAwMDAwMDAwMH0sInNjaGVtYV92ZXJzaW9uIjoiMSJ9",
          "dependencies": [
            "aws_vpc.this",
            "data.aws_availability_zones.available"
          ]
        }
      ]
    },
    {
      "mode": "managed",
      "type": "aws_vpc",
      "name": "this",
      "provider": "provider[\"registry.terraform.io/hashicorp/aws\"]",
      "instances": [
        {
          "schema_version": 1,
          "attributes": {
            "arn": "arn:aws:ec2:ap-southeast-1:900069968619:vpc/vpc-080fcc7449f380c45",
            "assign_generated_ipv6_cidr_block": false,
            "cidr_block": "10.30.0.0/16",
            "default_network_acl_id": "acl-03ad77927893bbda6",
            "default_route_table_id": "rtb-0fbae03d446dc71f5",
            "default_security_group_id": "sg-042a5cb0d47cb77f9",
            "dhcp_options_id": "dopt-01dc513931559fae9",
            "enable_dns_hostnames": true,
            "enable_dns_support": true,
            "enable_network_address_usage_metrics": false,
            "id": "vpc-080fcc7449f380c45",
            "instance_tenancy": "default",
            "ipv4_ipam_pool_id": null,
            "ipv4_netmask_length": null,
            "ipv6_association_id": "",
            "ipv6_cidr_block": "",
            "ipv6_cidr_block_network_border_group": "",
            "ipv6_ipam_pool_id": "",
            "ipv6_netmask_length": 0,
            "main_route_table_id": "rtb-0fbae03d446dc71f5",
            "owner_id": "900069968619",
            "tags": {
              "Component": "DevOpsServer",
              "Environment": "testing",
              "ManagedBy": "Terraform",
              "Name": "docvault-devops-testing-vpc",
              "Project": "DocVault"
            },
            "tags_all": {
              "Component": "DevOpsServer",
              "Environment": "testing",
              "ManagedBy": "Terraform",
              "Name": "docvault-devops-testing-vpc",
              "Project": "DocVault"
            }
          },
          "sensitive_attributes": [],
          "identity_schema_version": 0,
          "private": "eyJzY2hlbWFfdmVyc2lvbiI6IjEifQ=="
        }
      ]
    }
  ],
  "check_results": [
    {
      "object_kind": "var",
      "config_addr": "var.root_volume_size",
      "status": "pass",
      "objects": [
        {
          "object_addr": "var.root_volume_size",
          "status": "pass"
        }
      ]
    },
    {
      "object_kind": "resource",
      "config_addr": "aws_instance.devops",
      "status": "pass",
      "objects": [
        {
          "object_addr": "aws_instance.devops",
          "status": "pass"
        }
      ]
    },
    {
      "object_kind": "var",
      "config_addr": "var.swap_size_gb",
      "status": "pass",
      "objects": [
        {
          "object_addr": "var.swap_size_gb",
          "status": "pass"
        }
      ]
    },
    {
      "object_kind": "var",
      "config_addr": "var.admin_cidr_blocks",
      "status": "pass",
      "objects": [
        {
          "object_addr": "var.admin_cidr_blocks",
          "status": "pass"
        }
      ]
    },
    {
      "object_kind": "var",
      "config_addr": "var.ubuntu_version",
      "status": "pass",
      "objects": [
        {
          "object_addr": "var.ubuntu_version",
          "status": "pass"
        }
      ]
    }
  ]
}
